
Microsoft Visual Studio Solution File, Format Version 12.00
# Visual Studio Version 17
VisualStudioVersion = 17.5.33516.290
MinimumVisualStudioVersion = 10.0.40219.1
Project("{FAE04EC0-301F-11D3-BF4B-00C04F79EFBC}") = "Sorting", "Sorting\Sorting.csproj", "{CFFD76B1-A34A-407C-BBDC-35ACEB563DFC}"
EndProject
Global
	GlobalSection(SolutionConfigurationPlatforms) = preSolution
		Debug|Any CPU = Debug|Any CPU
		Release|Any CPU = Release|Any CPU
	EndGlobalSection
	GlobalSection(ProjectConfigurationPlatforms) = postSolution
		{CFFD76B1-A34A-407C-BBDC-35ACEB563DFC}.Debug|Any CPU.ActiveCfg = Debug|Any CPU
		{CFFD76B1-A34A-407C-BBDC-35ACEB563DFC}.Debug|Any CPU.Build.0 = Debug|Any CPU
		{CFFD76B1-A34A-407C-BBDC-35ACEB563DFC}.Release|Any CPU.ActiveCfg = Release|Any CPU
		{CFFD76B1-A34A-407C-BBDC-35ACEB563DFC}.Release|Any CPU.Build.0 = Release|Any CPU
	EndGlobalSection
	GlobalSection(SolutionProperties) = preSolution
		HideSolutionNode = FALSE
	EndGlobalSection
	GlobalSection(ExtensibilityGlobals) = postSolution
		SolutionGuid = {37172C38-AD66-454C-AF2E-0D6B0E117F28}
	EndGlobalSection
EndGlobal
